PODS:
  - akara-ios (0.1.0)
  - Nimble (10.0.0)
  - Quick (2.2.1)

DEPENDENCIES:
  - akara-ios (from `../`)
  - Nimble (~> 10.0.0)
  - Quick (~> 2.2.0)

SPEC REPOS:
  trunk:
    - Nimble
    - Quick

EXTERNAL SOURCES:
  akara-ios:
    :path: "../"

SPEC CHECKSUMS:
  akara-ios: 1acb209ad3053f63fae05a958d27a77d4b6dfb18
  Nimble: 5316ef81a170ce87baf72dd961f22f89a602ff84
  Quick: f5754d69b7013f5864c29aab9ae6f0c79c5bc200

PODFILE CHECKSUM: 9aec2364dd504c2e457d58c8dda6f40fb923b27f

COCOAPODS: 1.11.2
